
Microsoft Visual Studio Solution File, Format Version 12.00
Project("{FAE04EC0-301F-11D3-BF4B-00C04F79EFBC}") = "API.GraphQL", "API.GraphQL\API.GraphQL.csproj", "{11C1F7BF-418D-4529-9B52-608CD741E330}"
EndProject
Project("{FAE04EC0-301F-11D3-BF4B-00C04F79EFBC}") = "API.Test.Unit", "API.Test.Unit\API.Test.Unit.csproj", "{1A47A508-AF91-42E9-82D9-25ADF9305450}"
EndProject
Project("{FAE04EC0-301F-11D3-BF4B-00C04F79EFBC}") = "API.Models", "API.Models\API.Models.csproj", "{252B8D56-7F27-4A58-BB2F-AA78991035B6}"
EndProject
Global
	GlobalSection(SolutionConfigurationPlatforms) = preSolution
		Debug|Any CPU = Debug|Any CPU
		Release|Any CPU = Release|Any CPU
	EndGlobalSection
	GlobalSection(ProjectConfigurationPlatforms) = postSolution
		{11C1F7BF-418D-4529-9B52-608CD741E330}.Debug|Any CPU.ActiveCfg = Debug|Any CPU
		{11C1F7BF-418D-4529-9B52-608CD741E330}.Debug|Any CPU.Build.0 = Debug|Any CPU
		{11C1F7BF-418D-4529-9B52-608CD741E330}.Release|Any CPU.ActiveCfg = Release|Any CPU
		{11C1F7BF-418D-4529-9B52-608CD741E330}.Release|Any CPU.Build.0 = Release|Any CPU
		{1A47A508-AF91-42E9-82D9-25ADF9305450}.Debug|Any CPU.ActiveCfg = Debug|Any CPU
		{1A47A508-AF91-42E9-82D9-25ADF9305450}.Debug|Any CPU.Build.0 = Debug|Any CPU
		{1A47A508-AF91-42E9-82D9-25ADF9305450}.Release|Any CPU.ActiveCfg = Release|Any CPU
		{1A47A508-AF91-42E9-82D9-25ADF9305450}.Release|Any CPU.Build.0 = Release|Any CPU
		{252B8D56-7F27-4A58-BB2F-AA78991035B6}.Debug|Any CPU.ActiveCfg = Debug|Any CPU
		{252B8D56-7F27-4A58-BB2F-AA78991035B6}.Debug|Any CPU.Build.0 = Debug|Any CPU
		{252B8D56-7F27-4A58-BB2F-AA78991035B6}.Release|Any CPU.ActiveCfg = Release|Any CPU
		{252B8D56-7F27-4A58-BB2F-AA78991035B6}.Release|Any CPU.Build.0 = Release|Any CPU
	EndGlobalSection
EndGlobal
